<?xml version="1.0" encoding="UTF-8"?>
<!DOCTYPE plist PUBLIC "-//Apple//DTD PLIST 1.0//EN" "http://www.apple.com/DTDs/PropertyList-1.0.dtd">
<plist version="1.0">
<dict>
	<key>archiveVersion</key>
	<string>1</string>
	<key>classes</key>
	<dict/>
	<key>objectVersion</key>
	<string>46</string>
	<key>objects</key>
	<dict>
		<key>268DAD47640954DB039EB412</key>
		<dict>
			<key>buildActionMask</key>
			<string>2147483647</string>
			<key>files</key>
			<array/>
			<key>inputPaths</key>
			<array/>
			<key>isa</key>
			<string>PBXShellScriptBuildPhase</string>
			<key>name</key>
			<string>[CP] Copy Pods Resources</string>
			<key>outputPaths</key>
			<array/>
			<key>runOnlyForDeploymentPostprocessing</key>
			<string>0</string>
			<key>shellPath</key>
			<string>/bin/sh</string>
			<key>shellScript</key>
			<string>"${SRCROOT}/Pods/Target Support Files/Pods-MMVC/Pods-MMVC-resources.sh"
</string>
			<key>showEnvVarsInLog</key>
			<string>0</string>
		</dict>
		<key>294E8A452E5924FCA31D8AB6</key>
		<dict>
			<key>fileRef</key>
			<string>D62F743B0DDD6021912B13F1</string>
			<key>isa</key>
			<string>PBXBuildFile</string>
		</dict>
		<key>58B2B64455BE6015DB3955F7</key>
		<dict>
			<key>buildActionMask</key>
			<string>2147483647</string>
			<key>files</key>
			<array/>
			<key>inputPaths</key>
			<array/>
			<key>isa</key>
			<string>PBXShellScriptBuildPhase</string>
			<key>name</key>
			<string>[CP] Check Pods Manifest.lock</string>
			<key>outputPaths</key>
			<array/>
			<key>runOnlyForDeploymentPostprocessing</key>
			<string>0</string>
			<key>shellPath</key>
			<string>/bin/sh</string>
			<key>shellScript</key>
			<string>diff "${PODS_ROOT}/../Podfile.lock" "${PODS_ROOT}/Manifest.lock" &gt; /dev/null
if [[ $? != 0 ]] ; then
    cat &lt;&lt; EOM
error: The sandbox is not in sync with the Podfile.lock. Run 'pod install' or update your CocoaPods installation.
EOM
    exit 1
fi
</string>
			<key>showEnvVarsInLog</key>
			<string>0</string>
		</dict>
		<key>6C0200D28E9D6C6608A70483</key>
		<dict>
			<key>children</key>
			<array>
				<string>97B8B648A84BC2A67CD6C217</string>
				<string>ED38EE2D26516C38FCB8C6E5</string>
				<string>8B0D23A20F2E53D977D13132</string>
				<string>E17DD9350746C7766319A798</string>
			</array>
			<key>isa</key>
			<string>PBXGroup</string>
			<key>name</key>
			<string>Pods</string>
			<key>sourceTree</key>
			<string>&lt;group&gt;</string>
		</dict>
		<key>8B0D23A20F2E53D977D13132</key>
		<dict>
			<key>includeInIndex</key>
			<string>1</string>
			<key>isa</key>
			<string>PBXFileReference</string>
			<key>lastKnownFileType</key>
			<string>text.xcconfig</string>
			<key>name</key>
			<string>Pods-MMVCTests.debug.xcconfig</string>
			<key>path</key>
			<string>Pods/Target Support Files/Pods-MMVCTests/Pods-MMVCTests.debug.xcconfig</string>
			<key>sourceTree</key>
			<string>&lt;group&gt;</string>
		</dict>
		<key>97B8B648A84BC2A67CD6C217</key>
		<dict>
			<key>includeInIndex</key>
			<string>1</string>
			<key>isa</key>
			<string>PBXFileReference</string>
			<key>lastKnownFileType</key>
			<string>text.xcconfig</string>
			<key>name</key>
			<string>Pods-MMVC.debug.xcconfig</string>
			<key>path</key>
			<string>Pods/Target Support Files/Pods-MMVC/Pods-MMVC.debug.xcconfig</string>
			<key>sourceTree</key>
			<string>&lt;group&gt;</string>
		</dict>
		<key>A62AD61ADF2B512107B36190</key>
		<dict>
			<key>buildActionMask</key>
			<string>2147483647</string>
			<key>files</key>
			<array/>
			<key>inputPaths</key>
			<array/>
			<key>isa</key>
			<string>PBXShellScriptBuildPhase</string>
			<key>name</key>
			<string>[CP] Embed Pods Frameworks</string>
			<key>outputPaths</key>
			<array/>
			<key>runOnlyForDeploymentPostprocessing</key>
			<string>0</string>
			<key>shellPath</key>
			<string>/bin/sh</string>
			<key>shellScript</key>
			<string>"${SRCROOT}/Pods/Target Support Files/Pods-MMVCTests/Pods-MMVCTests-frameworks.sh"
</string>
			<key>showEnvVarsInLog</key>
			<string>0</string>
		</dict>
		<key>ACEA080DBBE503A6FC878280</key>
		<dict>
			<key>explicitFileType</key>
			<string>archive.ar</string>
			<key>includeInIndex</key>
			<string>0</string>
			<key>isa</key>
			<string>PBXFileReference</string>
			<key>path</key>
			<string>libPods-MMVCTests.a</string>
			<key>sourceTree</key>
			<string>BUILT_PRODUCTS_DIR</string>
		</dict>
		<key>C515EB31D74B7C06E63B922D</key>
		<dict>
			<key>buildActionMask</key>
			<string>2147483647</string>
			<key>files</key>
			<array/>
			<key>inputPaths</key>
			<array/>
			<key>isa</key>
			<string>PBXShellScriptBuildPhase</string>
			<key>name</key>
			<string>[CP] Embed Pods Frameworks</string>
			<key>outputPaths</key>
			<array/>
			<key>runOnlyForDeploymentPostprocessing</key>
			<string>0</string>
			<key>shellPath</key>
			<string>/bin/sh</string>
			<key>shellScript</key>
			<string>"${SRCROOT}/Pods/Target Support Files/Pods-MMVC/Pods-MMVC-frameworks.sh"
</string>
			<key>showEnvVarsInLog</key>
			<string>0</string>
		</dict>
		<key>CF1890749D73203D1B814E87</key>
		<dict>
			<key>fileRef</key>
			<string>ACEA080DBBE503A6FC878280</string>
			<key>isa</key>
			<string>PBXBuildFile</string>
		</dict>
		<key>D31C473420CCAC1DA26812E5</key>
		<dict>
			<key>buildActionMask</key>
			<string>2147483647</string>
			<key>files</key>
			<array/>
			<key>inputPaths</key>
			<array/>
			<key>isa</key>
			<string>PBXShellScriptBuildPhase</string>
			<key>name</key>
			<string>[CP] Copy Pods Resources</string>
			<key>outputPaths</key>
			<array/>
			<key>runOnlyForDeploymentPostprocessing</key>
			<string>0</string>
			<key>shellPath</key>
			<string>/bin/sh</string>
			<key>shellScript</key>
			<string>"${SRCROOT}/Pods/Target Support Files/Pods-MMVCTests/Pods-MMVCTests-resources.sh"
</string>
			<key>showEnvVarsInLog</key>
			<string>0</string>
		</dict>
		<key>D617EE05B21AC97C7BA9693E</key>
		<dict>
			<key>children</key>
			<array>
				<string>D62F743B0DDD6021912B13F1</string>
				<string>ACEA080DBBE503A6FC878280</string>
			</array>
			<key>isa</key>
			<string>PBXGroup</string>
			<key>name</key>
			<string>Frameworks</string>
			<key>sourceTree</key>
			<string>&lt;group&gt;</string>
		</dict>
		<key>D62F743B0DDD6021912B13F1</key>
		<dict>
			<key>explicitFileType</key>
			<string>archive.ar</string>
			<key>includeInIndex</key>
			<string>0</string>
			<key>isa</key>
			<string>PBXFileReference</string>
			<key>path</key>
			<string>libPods-MMVC.a</string>
			<key>sourceTree</key>
			<string>BUILT_PRODUCTS_DIR</string>
		</dict>
		<key>E17DD9350746C7766319A798</key>
		<dict>
			<key>includeInIndex</key>
			<string>1</string>
			<key>isa</key>
			<string>PBXFileReference</string>
			<key>lastKnownFileType</key>
			<string>text.xcconfig</string>
			<key>name</key>
			<string>Pods-MMVCTests.release.xcconfig</string>
			<key>path</key>
			<string>Pods/Target Support Files/Pods-MMVCTests/Pods-MMVCTests.release.xcconfig</string>
			<key>sourceTree</key>
			<string>&lt;group&gt;</string>
		</dict>
		<key>EC14BFAE1DD0527E00B8B513</key>
		<dict>
			<key>children</key>
			<array>
				<string>EC14BFB91DD0527E00B8B513</string>
				<string>EC14BFDE1DD05ADB00B8B513</string>
				<string>EC14BFB81DD0527E00B8B513</string>
				<string>6C0200D28E9D6C6608A70483</string>
				<string>D617EE05B21AC97C7BA9693E</string>
			</array>
			<key>isa</key>
			<string>PBXGroup</string>
			<key>sourceTree</key>
			<string>&lt;group&gt;</string>
		</dict>
		<key>EC14BFAF1DD0527E00B8B513</key>
		<dict>
			<key>attributes</key>
			<dict>
				<key>LastUpgradeCheck</key>
				<string>0800</string>
				<key>ORGANIZATIONNAME</key>
				<string>tangyuhua</string>
				<key>TargetAttributes</key>
				<dict>
					<key>EC14BFB61DD0527E00B8B513</key>
					<dict>
						<key>CreatedOnToolsVersion</key>
						<string>8.0</string>
						<key>DevelopmentTeam</key>
						<string>8Y89LE8P2N</string>
						<key>ProvisioningStyle</key>
						<string>Automatic</string>
					</dict>
					<key>EC14BFDC1DD05ADA00B8B513</key>
					<dict>
						<key>CreatedOnToolsVersion</key>
						<string>8.0</string>
						<key>DevelopmentTeam</key>
						<string>8Y89LE8P2N</string>
						<key>ProvisioningStyle</key>
						<string>Automatic</string>
						<key>TestTargetID</key>
						<string>EC14BFB61DD0527E00B8B513</string>
					</dict>
				</dict>
			</dict>
			<key>buildConfigurationList</key>
			<string>EC14BFB21DD0527E00B8B513</string>
			<key>compatibilityVersion</key>
			<string>Xcode 3.2</string>
			<key>developmentRegion</key>
			<string>English</string>
			<key>hasScannedForEncodings</key>
			<string>0</string>
			<key>isa</key>
			<string>PBXProject</string>
			<key>knownRegions</key>
			<array>
				<string>en</string>
				<string>Base</string>
			</array>
			<key>mainGroup</key>
			<string>EC14BFAE1DD0527E00B8B513</string>
			<key>productRefGroup</key>
			<string>EC14BFB81DD0527E00B8B513</string>
			<key>projectDirPath</key>
			<string></string>
			<key>projectReferences</key>
			<array/>
			<key>projectRoot</key>
			<string></string>
			<key>targets</key>
			<array>
				<string>EC14BFB61DD0527E00B8B513</string>
				<string>EC14BFDC1DD05ADA00B8B513</string>
			</array>
		</dict>
		<key>EC14BFB21DD0527E00B8B513</key>
		<dict>
			<key>buildConfigurations</key>
			<array>
				<string>EC14BFCC1DD0527E00B8B513</string>
				<string>EC14BFCD1DD0527E00B8B513</string>
			</array>
			<key>defaultConfigurationIsVisible</key>
			<string>0</string>
			<key>defaultConfigurationName</key>
			<string>Release</string>
			<key>isa</key>
			<string>XCConfigurationList</string>
		</dict>
		<key>EC14BFB31DD0527E00B8B513</key>
		<dict>
			<key>buildActionMask</key>
			<string>2147483647</string>
			<key>files</key>
			<array>
				<string>EC14BFD61DD0577800B8B513</string>
				<string>EC14BFC21DD0527E00B8B513</string>
				<string>EC14BFBF1DD0527E00B8B513</string>
				<string>EC14BFD31DD052CF00B8B513</string>
				<string>EC14BFBC1DD0527E00B8B513</string>
			</array>
			<key>isa</key>
			<string>PBXSourcesBuildPhase</string>
			<key>runOnlyForDeploymentPostprocessing</key>
			<string>0</string>
		</dict>
		<key>EC14BFB41DD0527E00B8B513</key>
		<dict>
			<key>buildActionMask</key>
			<string>2147483647</string>
			<key>files</key>
			<array>
				<string>294E8A452E5924FCA31D8AB6</string>
			</array>
			<key>isa</key>
			<string>PBXFrameworksBuildPhase</string>
			<key>runOnlyForDeploymentPostprocessing</key>
			<string>0</string>
		</dict>
		<key>EC14BFB51DD0527E00B8B513</key>
		<dict>
			<key>buildActionMask</key>
			<string>2147483647</string>
			<key>files</key>
			<array>
				<string>EC14BFCA1DD0527E00B8B513</string>
				<string>EC14BFC71DD0527E00B8B513</string>
				<string>EC14BFC51DD0527E00B8B513</string>
			</array>
			<key>isa</key>
			<string>PBXResourcesBuildPhase</string>
			<key>runOnlyForDeploymentPostprocessing</key>
			<string>0</string>
		</dict>
		<key>EC14BFB61DD0527E00B8B513</key>
		<dict>
			<key>buildConfigurationList</key>
			<string>EC14BFCE1DD0527E00B8B513</string>
			<key>buildPhases</key>
			<array>
				<string>58B2B64455BE6015DB3955F7</string>
				<string>EC14BFB31DD0527E00B8B513</string>
				<string>EC14BFB41DD0527E00B8B513</string>
				<string>EC14BFB51DD0527E00B8B513</string>
				<string>C515EB31D74B7C06E63B922D</string>
				<string>268DAD47640954DB039EB412</string>
			</array>
			<key>buildRules</key>
			<array/>
			<key>dependencies</key>
			<array/>
			<key>isa</key>
			<string>PBXNativeTarget</string>
			<key>name</key>
			<string>MMVC</string>
			<key>productName</key>
			<string>MMVC-Objccn</string>
			<key>productReference</key>
			<string>EC14BFB71DD0527E00B8B513</string>
			<key>productType</key>
			<string>com.apple.product-type.application</string>
		</dict>
		<key>EC14BFB71DD0527E00B8B513</key>
		<dict>
			<key>explicitFileType</key>
			<string>wrapper.application</string>
			<key>includeInIndex</key>
			<string>0</string>
			<key>isa</key>
			<string>PBXFileReference</string>
			<key>path</key>
			<string>MMVC.app</string>
			<key>sourceTree</key>
			<string>BUILT_PRODUCTS_DIR</string>
		</dict>
		<key>EC14BFB81DD0527E00B8B513</key>
		<dict>
			<key>children</key>
			<array>
				<string>EC14BFB71DD0527E00B8B513</string>
				<string>EC14BFDD1DD05ADA00B8B513</string>
			</array>
			<key>isa</key>
			<string>PBXGroup</string>
			<key>name</key>
			<string>Products</string>
			<key>sourceTree</key>
			<string>&lt;group&gt;</string>
		</dict>
		<key>EC14BFB91DD0527E00B8B513</key>
		<dict>
			<key>children</key>
			<array>
				<string>EC14BFBD1DD0527E00B8B513</string>
				<string>EC14BFBE1DD0527E00B8B513</string>
				<string>EC14BFC01DD0527E00B8B513</string>
				<string>EC14BFC11DD0527E00B8B513</string>
				<string>EC14BFD41DD0577800B8B513</string>
				<string>EC14BFD51DD0577800B8B513</string>
				<string>EC14BFD11DD052CF00B8B513</string>
				<string>EC14BFD21DD052CF00B8B513</string>
				<string>EC14BFC31DD0527E00B8B513</string>
				<string>EC14BFC61DD0527E00B8B513</string>
				<string>EC14BFC81DD0527E00B8B513</string>
				<string>EC14BFCB1DD0527E00B8B513</string>
				<string>EC14BFBA1DD0527E00B8B513</string>
			</array>
			<key>isa</key>
			<string>PBXGroup</string>
			<key>name</key>
			<string>MMVC</string>
			<key>path</key>
			<string>MMVC-Objccn</string>
			<key>sourceTree</key>
			<string>&lt;group&gt;</string>
		</dict>
		<key>EC14BFBA1DD0527E00B8B513</key>
		<dict>
			<key>children</key>
			<array>
				<string>EC14BFBB1DD0527E00B8B513</string>
			</array>
			<key>isa</key>
			<string>PBXGroup</string>
			<key>name</key>
			<string>Supporting Files</string>
			<key>sourceTree</key>
			<string>&lt;group&gt;</string>
		</dict>
		<key>EC14BFBB1DD0527E00B8B513</key>
		<dict>
			<key>isa</key>
			<string>PBXFileReference</string>
			<key>lastKnownFileType</key>
			<string>sourcecode.c.objc</string>
			<key>path</key>
			<string>main.m</string>
			<key>sourceTree</key>
			<string>&lt;group&gt;</string>
		</dict>
		<key>EC14BFBC1DD0527E00B8B513</key>
		<dict>
			<key>fileRef</key>
			<string>EC14BFBB1DD0527E00B8B513</string>
			<key>isa</key>
			<string>PBXBuildFile</string>
		</dict>
		<key>EC14BFBD1DD0527E00B8B513</key>
		<dict>
			<key>isa</key>
			<string>PBXFileReference</string>
			<key>lastKnownFileType</key>
			<string>sourcecode.c.h</string>
			<key>path</key>
			<string>AppDelegate.h</string>
			<key>sourceTree</key>
			<string>&lt;group&gt;</string>
		</dict>
		<key>EC14BFBE1DD0527E00B8B513</key>
		<dict>
			<key>isa</key>
			<string>PBXFileReference</string>
			<key>lastKnownFileType</key>
			<string>sourcecode.c.objc</string>
			<key>path</key>
			<string>AppDelegate.m</string>
			<key>sourceTree</key>
			<string>&lt;group&gt;</string>
		</dict>
		<key>EC14BFBF1DD0527E00B8B513</key>
		<dict>
			<key>fileRef</key>
			<string>EC14BFBE1DD0527E00B8B513</string>
			<key>isa</key>
			<string>PBXBuildFile</string>
		</dict>
		<key>EC14BFC01DD0527E00B8B513</key>
		<dict>
			<key>isa</key>
			<string>PBXFileReference</string>
			<key>lastKnownFileType</key>
			<string>sourcecode.c.h</string>
			<key>path</key>
			<string>PersonViewController.h</string>
			<key>sourceTree</key>
			<string>&lt;group&gt;</string>
		</dict>
		<key>EC14BFC11DD0527E00B8B513</key>
		<dict>
			<key>isa</key>
			<string>PBXFileReference</string>
			<key>lastKnownFileType</key>
			<string>sourcecode.c.objc</string>
			<key>path</key>
			<string>PersonViewController.m</string>
			<key>sourceTree</key>
			<string>&lt;group&gt;</string>
		</dict>
		<key>EC14BFC21DD0527E00B8B513</key>
		<dict>
			<key>fileRef</key>
			<string>EC14BFC11DD0527E00B8B513</string>
			<key>isa</key>
			<string>PBXBuildFile</string>
		</dict>
		<key>EC14BFC31DD0527E00B8B513</key>
		<dict>
			<key>children</key>
			<array>
				<string>EC14BFC41DD0527E00B8B513</string>
			</array>
			<key>isa</key>
			<string>PBXVariantGroup</string>
			<key>name</key>
			<string>Main.storyboard</string>
			<key>sourceTree</key>
			<string>&lt;group&gt;</string>
		</dict>
		<key>EC14BFC41DD0527E00B8B513</key>
		<dict>
			<key>isa</key>
			<string>PBXFileReference</string>
			<key>lastKnownFileType</key>
			<string>file.storyboard</string>
			<key>name</key>
			<string>Base</string>
			<key>path</key>
			<string>Base.lproj/Main.storyboard</string>
			<key>sourceTree</key>
			<string>&lt;group&gt;</string>
		</dict>
		<key>EC14BFC51DD0527E00B8B513</key>
		<dict>
			<key>fileRef</key>
			<string>EC14BFC31DD0527E00B8B513</string>
			<key>isa</key>
			<string>PBXBuildFile</string>
		</dict>
		<key>EC14BFC61DD0527E00B8B513</key>
		<dict>
			<key>isa</key>
			<string>PBXFileReference</string>
			<key>lastKnownFileType</key>
			<string>folder.assetcatalog</string>
			<key>path</key>
			<string>Assets.xcassets</string>
			<key>sourceTree</key>
			<string>&lt;group&gt;</string>
		</dict>
		<key>EC14BFC71DD0527E00B8B513</key>
		<dict>
			<key>fileRef</key>
			<string>EC14BFC61DD0527E00B8B513</string>
			<key>isa</key>
			<string>PBXBuildFile</string>
		</dict>
		<key>EC14BFC81DD0527E00B8B513</key>
		<dict>
			<key>children</key>
			<array>
				<string>EC14BFC91DD0527E00B8B513</string>
			</array>
			<key>isa</key>
			<string>PBXVariantGroup</string>
			<key>name</key>
			<string>LaunchScreen.storyboard</string>
			<key>sourceTree</key>
			<string>&lt;group&gt;</string>
		</dict>
		<key>EC14BFC91DD0527E00B8B513</key>
		<dict>
			<key>isa</key>
			<string>PBXFileReference</string>
			<key>lastKnownFileType</key>
			<string>file.storyboard</string>
			<key>name</key>
			<string>Base</string>
			<key>path</key>
			<string>Base.lproj/LaunchScreen.storyboard</string>
			<key>sourceTree</key>
			<string>&lt;group&gt;</string>
		</dict>
		<key>EC14BFCA1DD0527E00B8B513</key>
		<dict>
			<key>fileRef</key>
			<string>EC14BFC81DD0527E00B8B513</string>
			<key>isa</key>
			<string>PBXBuildFile</string>
		</dict>
		<key>EC14BFCB1DD0527E00B8B513</key>
		<dict>
			<key>isa</key>
			<string>PBXFileReference</string>
			<key>lastKnownFileType</key>
			<string>text.plist.xml</string>
			<key>path</key>
			<string>Info.plist</string>
			<key>sourceTree</key>
			<string>&lt;group&gt;</string>
		</dict>
		<key>EC14BFCC1DD0527E00B8B513</key>
		<dict>
			<key>buildSettings</key>
			<dict>
				<key>ALWAYS_SEARCH_USER_PATHS</key>
				<string>NO</string>
				<key>CLANG_ANALYZER_NONNULL</key>
				<string>YES</string>
				<key>CLANG_CXX_LANGUAGE_STANDARD</key>
				<string>gnu++0x</string>
				<key>CLANG_CXX_LIBRARY</key>
				<string>libc++</string>
				<key>CLANG_ENABLE_MODULES</key>
				<string>YES</string>
				<key>CLANG_ENABLE_OBJC_ARC</key>
				<string>YES</string>
				<key>CLANG_WARN_BOOL_CONVERSION</key>
				<string>YES</string>
				<key>CLANG_WARN_CONSTANT_CONVERSION</key>
				<string>YES</string>
				<key>CLANG_WARN_DIRECT_OBJC_ISA_USAGE</key>
				<string>YES_ERROR</string>
				<key>CLANG_WARN_DOCUMENTATION_COMMENTS</key>
				<string>YES</string>
				<key>CLANG_WARN_EMPTY_BODY</key>
				<string>YES</string>
				<key>CLANG_WARN_ENUM_CONVERSION</key>
				<string>YES</string>
				<key>CLANG_WARN_INFINITE_RECURSION</key>
				<string>YES</string>
				<key>CLANG_WARN_INT_CONVERSION</key>
				<string>YES</string>
				<key>CLANG_WARN_OBJC_ROOT_CLASS</key>
				<string>YES_ERROR</string>
				<key>CLANG_WARN_SUSPICIOUS_MOVES</key>
				<string>YES</string>
				<key>CLANG_WARN_UNREACHABLE_CODE</key>
				<string>YES</string>
				<key>CLANG_WARN__DUPLICATE_METHOD_MATCH</key>
				<string>YES</string>
				<key>CODE_SIGN_IDENTITY[sdk=iphoneos*]</key>
				<string>iPhone Developer</string>
				<key>COPY_PHASE_STRIP</key>
				<string>NO</string>
				<key>DEBUG_INFORMATION_FORMAT</key>
				<string>dwarf</string>
				<key>ENABLE_STRICT_OBJC_MSGSEND</key>
				<string>YES</string>
				<key>ENABLE_TESTABILITY</key>
				<string>YES</string>
				<key>GCC_C_LANGUAGE_STANDARD</key>
				<string>gnu99</string>
				<key>GCC_DYNAMIC_NO_PIC</key>
				<string>NO</string>
				<key>GCC_NO_COMMON_BLOCKS</key>
				<string>YES</string>
				<key>GCC_OPTIMIZATION_LEVEL</key>
				<string>0</string>
				<key>GCC_PREPROCESSOR_DEFINITIONS</key>
				<array>
					<string>DEBUG=1</string>
					<string>$(inherited)</string>
				</array>
				<key>GCC_WARN_64_TO_32_BIT_CONVERSION</key>
				<string>YES</string>
				<key>GCC_WARN_ABOUT_RETURN_TYPE</key>
				<string>YES_ERROR</string>
				<key>GCC_WARN_UNDECLARED_SELECTOR</key>
				<string>YES</string>
				<key>GCC_WARN_UNINITIALIZED_AUTOS</key>
				<string>YES_AGGRESSIVE</string>
				<key>GCC_WARN_UNUSED_FUNCTION</key>
				<string>YES</string>
				<key>GCC_WARN_UNUSED_VARIABLE</key>
				<string>YES</string>
				<key>IPHONEOS_DEPLOYMENT_TARGET</key>
				<string>10.0</string>
				<key>MTL_ENABLE_DEBUG_INFO</key>
				<string>YES</string>
				<key>ONLY_ACTIVE_ARCH</key>
				<string>YES</string>
				<key>SDKROOT</key>
				<string>iphoneos</string>
			</dict>
			<key>isa</key>
			<string>XCBuildConfiguration</string>
			<key>name</key>
			<string>Debug</string>
		</dict>
		<key>EC14BFCD1DD0527E00B8B513</key>
		<dict>
			<key>buildSettings</key>
			<dict>
				<key>ALWAYS_SEARCH_USER_PATHS</key>
				<string>NO</string>
				<key>CLANG_ANALYZER_NONNULL</key>
				<string>YES</string>
				<key>CLANG_CXX_LANGUAGE_STANDARD</key>
				<string>gnu++0x</string>
				<key>CLANG_CXX_LIBRARY</key>
				<string>libc++</string>
				<key>CLANG_ENABLE_MODULES</key>
				<string>YES</string>
				<key>CLANG_ENABLE_OBJC_ARC</key>
				<string>YES</string>
				<key>CLANG_WARN_BOOL_CONVERSION</key>
				<string>YES</string>
				<key>CLANG_WARN_CONSTANT_CONVERSION</key>
				<string>YES</string>
				<key>CLANG_WARN_DIRECT_OBJC_ISA_USAGE</key>
				<string>YES_ERROR</string>
				<key>CLANG_WARN_DOCUMENTATION_COMMENTS</key>
				<string>YES</string>
				<key>CLANG_WARN_EMPTY_BODY</key>
				<string>YES</string>
				<key>CLANG_WARN_ENUM_CONVERSION</key>
				<string>YES</string>
				<key>CLANG_WARN_INFINITE_RECURSION</key>
				<string>YES</string>
				<key>CLANG_WARN_INT_CONVERSION</key>
				<string>YES</string>
				<key>CLANG_WARN_OBJC_ROOT_CLASS</key>
				<string>YES_ERROR</string>
				<key>CLANG_WARN_SUSPICIOUS_MOVES</key>
				<string>YES</string>
				<key>CLANG_WARN_UNREACHABLE_CODE</key>
				<string>YES</string>
				<key>CLANG_WARN__DUPLICATE_METHOD_MATCH</key>
				<string>YES</string>
				<key>CODE_SIGN_IDENTITY[sdk=iphoneos*]</key>
				<string>iPhone Developer</string>
				<key>COPY_PHASE_STRIP</key>
				<string>NO</string>
				<key>DEBUG_INFORMATION_FORMAT</key>
				<string>dwarf-with-dsym</string>
				<key>ENABLE_NS_ASSERTIONS</key>
				<string>NO</string>
				<key>ENABLE_STRICT_OBJC_MSGSEND</key>
				<string>YES</string>
				<key>GCC_C_LANGUAGE_STANDARD</key>
				<string>gnu99</string>
				<key>GCC_NO_COMMON_BLOCKS</key>
				<string>YES</string>
				<key>GCC_WARN_64_TO_32_BIT_CONVERSION</key>
				<string>YES</string>
				<key>GCC_WARN_ABOUT_RETURN_TYPE</key>
				<string>YES_ERROR</string>
				<key>GCC_WARN_UNDECLARED_SELECTOR</key>
				<string>YES</string>
				<key>GCC_WARN_UNINITIALIZED_AUTOS</key>
				<string>YES_AGGRESSIVE</string>
				<key>GCC_WARN_UNUSED_FUNCTION</key>
				<string>YES</string>
				<key>GCC_WARN_UNUSED_VARIABLE</key>
				<string>YES</string>
				<key>IPHONEOS_DEPLOYMENT_TARGET</key>
				<string>10.0</string>
				<key>MTL_ENABLE_DEBUG_INFO</key>
				<string>NO</string>
				<key>SDKROOT</key>
				<string>iphoneos</string>
				<key>VALIDATE_PRODUCT</key>
				<string>YES</string>
			</dict>
			<key>isa</key>
			<string>XCBuildConfiguration</string>
			<key>name</key>
			<string>Release</string>
		</dict>
		<key>EC14BFCE1DD0527E00B8B513</key>
		<dict>
			<key>buildConfigurations</key>
			<array>
				<string>EC14BFCF1DD0527E00B8B513</string>
				<string>EC14BFD01DD0527E00B8B513</string>
			</array>
			<key>defaultConfigurationIsVisible</key>
			<string>0</string>
			<key>isa</key>
			<string>XCConfigurationList</string>
		</dict>
		<key>EC14BFCF1DD0527E00B8B513</key>
		<dict>
			<key>baseConfigurationReference</key>
			<string>97B8B648A84BC2A67CD6C217</string>
			<key>buildSettings</key>
			<dict>
				<key>ASSETCATALOG_COMPILER_APPICON_NAME</key>
				<string>AppIcon</string>
				<key>DEVELOPMENT_TEAM</key>
				<string>8Y89LE8P2N</string>
				<key>INFOPLIST_FILE</key>
				<string>MMVC-Objccn/Info.plist</string>
				<key>LD_RUNPATH_SEARCH_PATHS</key>
				<string>$(inherited) @executable_path/Frameworks</string>
				<key>PRODUCT_BUNDLE_IDENTIFIER</key>
				<string>com.tangyuhua.com.MMVC-Objccn</string>
				<key>PRODUCT_NAME</key>
				<string>$(TARGET_NAME)</string>
			</dict>
			<key>isa</key>
			<string>XCBuildConfiguration</string>
			<key>name</key>
			<string>Debug</string>
		</dict>
		<key>EC14BFD01DD0527E00B8B513</key>
		<dict>
			<key>baseConfigurationReference</key>
			<string>ED38EE2D26516C38FCB8C6E5</string>
			<key>buildSettings</key>
			<dict>
				<key>ASSETCATALOG_COMPILER_APPICON_NAME</key>
				<string>AppIcon</string>
				<key>DEVELOPMENT_TEAM</key>
				<string>8Y89LE8P2N</string>
				<key>INFOPLIST_FILE</key>
				<string>MMVC-Objccn/Info.plist</string>
				<key>LD_RUNPATH_SEARCH_PATHS</key>
				<string>$(inherited) @executable_path/Frameworks</string>
				<key>PRODUCT_BUNDLE_IDENTIFIER</key>
				<string>com.tangyuhua.com.MMVC-Objccn</string>
				<key>PRODUCT_NAME</key>
				<string>$(TARGET_NAME)</string>
			</dict>
			<key>isa</key>
			<string>XCBuildConfiguration</string>
			<key>name</key>
			<string>Release</string>
		</dict>
		<key>EC14BFD11DD052CF00B8B513</key>
		<dict>
			<key>fileEncoding</key>
			<string>4</string>
			<key>isa</key>
			<string>PBXFileReference</string>
			<key>lastKnownFileType</key>
			<string>sourcecode.c.h</string>
			<key>path</key>
			<string>Person.h</string>
			<key>sourceTree</key>
			<string>&lt;group&gt;</string>
		</dict>
		<key>EC14BFD21DD052CF00B8B513</key>
		<dict>
			<key>fileEncoding</key>
			<string>4</string>
			<key>isa</key>
			<string>PBXFileReference</string>
			<key>lastKnownFileType</key>
			<string>sourcecode.c.objc</string>
			<key>path</key>
			<string>Person.m</string>
			<key>sourceTree</key>
			<string>&lt;group&gt;</string>
		</dict>
		<key>EC14BFD31DD052CF00B8B513</key>
		<dict>
			<key>fileRef</key>
			<string>EC14BFD21DD052CF00B8B513</string>
			<key>isa</key>
			<string>PBXBuildFile</string>
		</dict>
		<key>EC14BFD41DD0577800B8B513</key>
		<dict>
			<key>fileEncoding</key>
			<string>4</string>
			<key>isa</key>
			<string>PBXFileReference</string>
			<key>lastKnownFileType</key>
			<string>sourcecode.c.h</string>
			<key>path</key>
			<string>PersonViewModel.h</string>
			<key>sourceTree</key>
			<string>&lt;group&gt;</string>
		</dict>
		<key>EC14BFD51DD0577800B8B513</key>
		<dict>
			<key>fileEncoding</key>
			<string>4</string>
			<key>isa</key>
			<string>PBXFileReference</string>
			<key>lastKnownFileType</key>
			<string>sourcecode.c.objc</string>
			<key>path</key>
			<string>PersonViewModel.m</string>
			<key>sourceTree</key>
			<string>&lt;group&gt;</string>
		</dict>
		<key>EC14BFD61DD0577800B8B513</key>
		<dict>
			<key>fileRef</key>
			<string>EC14BFD51DD0577800B8B513</string>
			<key>isa</key>
			<string>PBXBuildFile</string>
		</dict>
		<key>EC14BFD91DD05ADA00B8B513</key>
		<dict>
			<key>buildActionMask</key>
			<string>2147483647</string>
			<key>files</key>
			<array>
				<string>EC14BFE01DD05ADB00B8B513</string>
				<string>EC14BFE81DD05B1A00B8B513</string>
			</array>
			<key>isa</key>
			<string>PBXSourcesBuildPhase</string>
			<key>runOnlyForDeploymentPostprocessing</key>
			<string>0</string>
		</dict>
		<key>EC14BFDA1DD05ADA00B8B513</key>
		<dict>
			<key>buildActionMask</key>
			<string>2147483647</string>
			<key>files</key>
			<array>
				<string>CF1890749D73203D1B814E87</string>
			</array>
			<key>isa</key>
			<string>PBXFrameworksBuildPhase</string>
			<key>runOnlyForDeploymentPostprocessing</key>
			<string>0</string>
		</dict>
		<key>EC14BFDB1DD05ADA00B8B513</key>
		<dict>
			<key>buildActionMask</key>
			<string>2147483647</string>
			<key>files</key>
			<array/>
			<key>isa</key>
			<string>PBXResourcesBuildPhase</string>
			<key>runOnlyForDeploymentPostprocessing</key>
			<string>0</string>
		</dict>
		<key>EC14BFDC1DD05ADA00B8B513</key>
		<dict>
			<key>buildConfigurationList</key>
			<string>EC14BFE41DD05ADB00B8B513</string>
			<key>buildPhases</key>
			<array>
				<string>F9F5A05DBA15A4BE626A696D</string>
				<string>EC14BFD91DD05ADA00B8B513</string>
				<string>EC14BFDA1DD05ADA00B8B513</string>
				<string>EC14BFDB1DD05ADA00B8B513</string>
				<string>A62AD61ADF2B512107B36190</string>
				<string>D31C473420CCAC1DA26812E5</string>
			</array>
			<key>buildRules</key>
			<array/>
			<key>dependencies</key>
			<array>
				<string>EC14BFE31DD05ADB00B8B513</string>
			</array>
			<key>isa</key>
			<string>PBXNativeTarget</string>
			<key>name</key>
			<string>MMVCTests</string>
			<key>productName</key>
			<string>MMVC-ObjccnTests</string>
			<key>productReference</key>
			<string>EC14BFDD1DD05ADA00B8B513</string>
			<key>productType</key>
			<string>com.apple.product-type.bundle.unit-test</string>
		</dict>
		<key>EC14BFDD1DD05ADA00B8B513</key>
		<dict>
			<key>explicitFileType</key>
			<string>wrapper.cfbundle</string>
			<key>includeInIndex</key>
			<string>0</string>
			<key>isa</key>
			<string>PBXFileReference</string>
			<key>path</key>
			<string>MMVCTests.xctest</string>
			<key>sourceTree</key>
			<string>BUILT_PRODUCTS_DIR</string>
		</dict>
		<key>EC14BFDE1DD05ADB00B8B513</key>
		<dict>
			<key>children</key>
			<array>
				<string>EC14BFDF1DD05ADB00B8B513</string>
				<string>EC14BFE71DD05B1A00B8B513</string>
				<string>EC14BFE11DD05ADB00B8B513</string>
			</array>
			<key>isa</key>
			<string>PBXGroup</string>
			<key>name</key>
			<string>MMVCTests</string>
			<key>path</key>
			<string>MMVC-ObjccnTests</string>
			<key>sourceTree</key>
			<string>&lt;group&gt;</string>
		</dict>
		<key>EC14BFDF1DD05ADB00B8B513</key>
		<dict>
			<key>isa</key>
			<string>PBXFileReference</string>
			<key>lastKnownFileType</key>
			<string>sourcecode.c.objc</string>
			<key>path</key>
			<string>MMVC_ObjccnTests.m</string>
			<key>sourceTree</key>
			<string>&lt;group&gt;</string>
		</dict>
		<key>EC14BFE01DD05ADB00B8B513</key>
		<dict>
			<key>fileRef</key>
			<string>EC14BFDF1DD05ADB00B8B513</string>
			<key>isa</key>
			<string>PBXBuildFile</string>
		</dict>
		<key>EC14BFE11DD05ADB00B8B513</key>
		<dict>
			<key>isa</key>
			<string>PBXFileReference</string>
			<key>lastKnownFileType</key>
			<string>text.plist.xml</string>
			<key>path</key>
			<string>Info.plist</string>
			<key>sourceTree</key>
			<string>&lt;group&gt;</string>
		</dict>
		<key>EC14BFE21DD05ADB00B8B513</key>
		<dict>
			<key>containerPortal</key>
			<string>EC14BFAF1DD0527E00B8B513</string>
			<key>isa</key>
			<string>PBXContainerItemProxy</string>
			<key>proxyType</key>
			<string>1</string>
			<key>remoteGlobalIDString</key>
			<string>EC14BFB61DD0527E00B8B513</string>
			<key>remoteInfo</key>
			<string>MMVC-Objccn</string>
		</dict>
		<key>EC14BFE31DD05ADB00B8B513</key>
		<dict>
			<key>isa</key>
			<string>PBXTargetDependency</string>
			<key>target</key>
			<string>EC14BFB61DD0527E00B8B513</string>
			<key>targetProxy</key>
			<string>EC14BFE21DD05ADB00B8B513</string>
		</dict>
		<key>EC14BFE41DD05ADB00B8B513</key>
		<dict>
			<key>buildConfigurations</key>
			<array>
				<string>EC14BFE51DD05ADB00B8B513</string>
				<string>EC14BFE61DD05ADB00B8B513</string>
			</array>
			<key>defaultConfigurationIsVisible</key>
			<string>0</string>
			<key>isa</key>
			<string>XCConfigurationList</string>
		</dict>
		<key>EC14BFE51DD05ADB00B8B513</key>
		<dict>
			<key>baseConfigurationReference</key>
			<string>8B0D23A20F2E53D977D13132</string>
			<key>buildSettings</key>
			<dict>
				<key>BUNDLE_LOADER</key>
				<string>$(TEST_HOST)</string>
				<key>DEVELOPMENT_TEAM</key>
				<string>8Y89LE8P2N</string>
				<key>INFOPLIST_FILE</key>
				<string>MMVC-ObjccnTests/Info.plist</string>
				<key>LD_RUNPATH_SEARCH_PATHS</key>
				<string>$(inherited) @executable_path/Frameworks @loader_path/Frameworks</string>
				<key>PRODUCT_BUNDLE_IDENTIFIER</key>
				<string>com.tangyuhua.com.MMVC-ObjccnTests</string>
				<key>PRODUCT_NAME</key>
				<string>$(TARGET_NAME)</string>
				<key>TEST_HOST</key>
				<string>$(BUILT_PRODUCTS_DIR)/MMVC.app/MMVC</string>
			</dict>
			<key>isa</key>
			<string>XCBuildConfiguration</string>
			<key>name</key>
			<string>Debug</string>
		</dict>
		<key>EC14BFE61DD05ADB00B8B513</key>
		<dict>
			<key>baseConfigurationReference</key>
			<string>E17DD9350746C7766319A798</string>
			<key>buildSettings</key>
			<dict>
				<key>BUNDLE_LOADER</key>
				<string>$(TEST_HOST)</string>
				<key>DEVELOPMENT_TEAM</key>
				<string>8Y89LE8P2N</string>
				<key>INFOPLIST_FILE</key>
				<string>MMVC-ObjccnTests/Info.plist</string>
				<key>LD_RUNPATH_SEARCH_PATHS</key>
				<string>$(inherited) @executable_path/Frameworks @loader_path/Frameworks</string>
				<key>PRODUCT_BUNDLE_IDENTIFIER</key>
				<string>com.tangyuhua.com.MMVC-ObjccnTests</string>
				<key>PRODUCT_NAME</key>
				<string>$(TARGET_NAME)</string>
				<key>TEST_HOST</key>
				<string>$(BUILT_PRODUCTS_DIR)/MMVC.app/MMVC</string>
			</dict>
			<key>isa</key>
			<string>XCBuildConfiguration</string>
			<key>name</key>
			<string>Release</string>
		</dict>
		<key>EC14BFE71DD05B1A00B8B513</key>
		<dict>
			<key>fileEncoding</key>
			<string>4</string>
			<key>isa</key>
			<string>PBXFileReference</string>
			<key>lastKnownFileType</key>
			<string>sourcecode.c.objc</string>
			<key>path</key>
			<string>PersonViewModel.m</string>
			<key>sourceTree</key>
			<string>&lt;group&gt;</string>
		</dict>
		<key>EC14BFE81DD05B1A00B8B513</key>
		<dict>
			<key>fileRef</key>
			<string>EC14BFE71DD05B1A00B8B513</string>
			<key>isa</key>
			<string>PBXBuildFile</string>
		</dict>
		<key>ED38EE2D26516C38FCB8C6E5</key>
		<dict>
			<key>includeInIndex</key>
			<string>1</string>
			<key>isa</key>
			<string>PBXFileReference</string>
			<key>lastKnownFileType</key>
			<string>text.xcconfig</string>
			<key>name</key>
			<string>Pods-MMVC.release.xcconfig</string>
			<key>path</key>
			<string>Pods/Target Support Files/Pods-MMVC/Pods-MMVC.release.xcconfig</string>
			<key>sourceTree</key>
			<string>&lt;group&gt;</string>
		</dict>
		<key>F9F5A05DBA15A4BE626A696D</key>
		<dict>
			<key>buildActionMask</key>
			<string>2147483647</string>
			<key>files</key>
			<array/>
			<key>inputPaths</key>
			<array/>
			<key>isa</key>
			<string>PBXShellScriptBuildPhase</string>
			<key>name</key>
			<string>[CP] Check Pods Manifest.lock</string>
			<key>outputPaths</key>
			<array/>
			<key>runOnlyForDeploymentPostprocessing</key>
			<string>0</string>
			<key>shellPath</key>
			<string>/bin/sh</string>
			<key>shellScript</key>
			<string>diff "${PODS_ROOT}/../Podfile.lock" "${PODS_ROOT}/Manifest.lock" &gt; /dev/null
if [[ $? != 0 ]] ; then
    cat &lt;&lt; EOM
error: The sandbox is not in sync with the Podfile.lock. Run 'pod install' or update your CocoaPods installation.
EOM
    exit 1
fi
</string>
			<key>showEnvVarsInLog</key>
			<string>0</string>
		</dict>
	</dict>
	<key>rootObject</key>
	<string>EC14BFAF1DD0527E00B8B513</string>
</dict>
</plist>
