// !$*UTF8*$!
{
	archiveVersion = 1;
	classes = {
	};
	objectVersion = 46;
	objects = {

/* Begin PBXBuildFile section */
		EC14BFBC1DD0527E00B8B513 /* main.m in Sources */ = {isa = PBXBuildFile; fileRef = EC14BFBB1DD0527E00B8B513 /* main.m */; };
		EC14BFBF1DD0527E00B8B513 /* AppDelegate.m in Sources */ = {isa = PBXBuildFile; fileRef = EC14BFBE1DD0527E00B8B513 /* AppDelegate.m */; };
		EC14BFC21DD0527E00B8B513 /* PersonViewController.m in Sources */ = {isa = PBXBuildFile; fileRef = EC14BFC11DD0527E00B8B513 /* PersonViewController.m */; };
		EC14BFC51DD0527E00B8B513 /* Main.storyboard in Resources */ = {isa = PBXBuildFile; fileRef = EC14BFC31DD0527E00B8B513 /* Main.storyboard */; };
		EC14BFC71DD0527E00B8B513 /* Assets.xcassets in Resources */ = {isa = PBXBuildFile; fileRef = EC14BFC61DD0527E00B8B513 /* Assets.xcassets */; };
		EC14BFCA1DD0527E00B8B513 /* LaunchScreen.storyboard in Resources */ = {isa = PBXBuildFile; fileRef = EC14BFC81DD0527E00B8B513 /* LaunchScreen.storyboard */; };
		EC14BFD31DD052CF00B8B513 /* Person.m in Sources */ = {isa = PBXBuildFile; fileRef = EC14BFD21DD052CF00B8B513 /* Person.m */; };
/* End PBXBuildFile section */

/* Begin PBXFileReference section */
		EC14BFB71DD0527E00B8B513 /* MMVC-Objccn.app */ = {isa = PBXFileReference; explicitFileType = wrapper.application; includeInIndex = 0; path = "MMVC-Objccn.app"; sourceTree = BUILT_PRODUCTS_DIR; };
		EC14BFBB1DD0527E00B8B513 /* main.m */ = {isa = PBXFileReference; lastKnownFileType = sourcecode.c.objc; path = main.m; sourceTree = "<group>"; };
		EC14BFBD1DD0527E00B8B513 /* AppDelegate.h */ = {isa = PBXFileReference; lastKnownFileType = sourcecode.c.h; path = AppDelegate.h; sourceTree = "<group>"; };
		EC14BFBE1DD0527E00B8B513 /* AppDelegate.m */ = {isa = PBXFileReference; lastKnownFileType = sourcecode.c.objc; path = AppDelegate.m; sourceTree = "<group>"; };
		EC14BFC01DD0527E00B8B513 /* PersonViewController.h */ = {isa = PBXFileReference; lastKnownFileType = sourcecode.c.h; path = PersonViewController.h; sourceTree = "<group>"; };
		EC14BFC11DD0527E00B8B513 /* PersonViewController.m */ = {isa = PBXFileReference; lastKnownFileType = sourcecode.c.objc; path = PersonViewController.m; sourceTree = "<group>"; };
		EC14BFC41DD0527E00B8B513 /* Base */ = {isa = PBXFileReference; lastKnownFileType = file.storyboard; name = Base; path = Base.lproj/Main.storyboard; sourceTree = "<group>"; };
		EC14BFC61DD0527E00B8B513 /* Assets.xcassets */ = {isa = PBXFileReference; lastKnownFileType = folder.assetcatalog; path = Assets.xcassets; sourceTree = "<group>"; };
		EC14BFC91DD0527E00B8B513 /* Base */ = {isa = PBXFileReference; lastKnownFileType = file.storyboard; name = Base; path = Base.lproj/LaunchScreen.storyboard; sourceTree = "<group>"; };
		EC14BFCB1DD0527E00B8B513 /* Info.plist */ = {isa = PBXFileReference; lastKnownFileType = text.plist.xml; path = Info.plist; sourceTree = "<group>"; };
		EC14BFD11DD052CF00B8B513 /* Person.h */ = {isa = PBXFileReference; fileEncoding = 4; lastKnownFileType = sourcecode.c.h; path = Person.h; sourceTree = "<group>"; };
		EC14BFD21DD052CF00B8B513 /* Person.m */ = {isa = PBXFileReference; fileEncoding = 4; lastKnownFileType = sourcecode.c.objc; path = Person.m; sourceTree = "<group>"; };
/* End PBXFileReference section */

/* Begin PBXFrameworksBuildPhase section */
		EC14BFB41DD0527E00B8B513 /* Frameworks */ = {
			isa = PBXFrameworksBuildPhase;
			buildActionMask = 2147483647;
			files = (
			);
			runOnlyForDeploymentPostprocessing = 0;
		};
/* End PBXFrameworksBuildPhase section */

/* Begin PBXGroup section */
		EC14BFAE1DD0527E00B8B513 = {
			isa = PBXGroup;
			children = (
				EC14BFB91DD0527E00B8B513 /* MMVC-Objccn */,
				EC14BFB81DD0527E00B8B513 /* Products */,
			);
			sourceTree = "<group>";
		};
		EC14BFB81DD0527E00B8B513 /* Products */ = {
			isa = PBXGroup;
			children = (
				EC14BFB71DD0527E00B8B513 /* MMVC-Objccn.app */,
			);
			name = Products;
			sourceTree = "<group>";
		};
		EC14BFB91DD0527E00B8B513 /* MMVC-Objccn */ = {
			isa = PBXGroup;
			children = (
				EC14BFBD1DD0527E00B8B513 /* AppDelegate.h */,
				EC14BFBE1DD0527E00B8B513 /* AppDelegate.m */,
				EC14BFC01DD0527E00B8B513 /* PersonViewController.h */,
				EC14BFC11DD0527E00B8B513 /* PersonViewController.m */,
				EC14BFD11DD052CF00B8B513 /* Person.h */,
				EC14BFD21DD052CF00B8B513 /* Person.m */,
				EC14BFC31DD0527E00B8B513 /* Main.storyboard */,
				EC14BFC61DD0527E00B8B513 /* Assets.xcassets */,
				EC14BFC81DD0527E00B8B513 /* LaunchScreen.storyboard */,
				EC14BFCB1DD0527E00B8B513 /* Info.plist */,
				EC14BFBA1DD0527E00B8B513 /* Supporting Files */,
			);
			path = "MMVC-Objccn";
			sourceTree = "<group>";
		};
		EC14BFBA1DD0527E00B8B513 /* Supporting Files */ = {
			isa = PBXGroup;
			children = (
				EC14BFBB1DD0527E00B8B513 /* main.m */,
			);
			name = "Supporting Files";
			sourceTree = "<group>";
		};
/* End PBXGroup section */

/* Begin PBXNativeTarget section */
		EC14BFB61DD0527E00B8B513 /* MMVC-Objccn */ = {
			isa = PBXNativeTarget;
			buildConfigurationList = EC14BFCE1DD0527E00B8B513 /* Build configuration list for PBXNativeTarget "MMVC-Objccn" */;
			buildPhases = (
				EC14BFB31DD0527E00B8B513 /* Sources */,
				EC14BFB41DD0527E00B8B513 /* Frameworks */,
				EC14BFB51DD0527E00B8B513 /* Resources */,
			);
			buildRules = (
			);
			dependencies = (
			);
			name = "MMVC-Objccn";
			productName = "MMVC-Objccn";
			productReference = EC14BFB71DD0527E00B8B513 /* MMVC-Objccn.app */;
			productType = "com.apple.product-type.application";
		};
/* End PBXNativeTarget section */

/* Begin PBXProject section */
		EC14BFAF1DD0527E00B8B513 /* Project object */ = {
			isa = PBXProject;
			attributes = {
				LastUpgradeCheck = 0800;
				ORGANIZATIONNAME = tangyuhua;
				TargetAttributes = {
					EC14BFB61DD0527E00B8B513 = {
						CreatedOnToolsVersion = 8.0;
						DevelopmentTeam = 8Y89LE8P2N;
						ProvisioningStyle = Automatic;
					};
				};
			};
			buildConfigurationList = EC14BFB21DD0527E00B8B513 /* Build configuration list for PBXProject "MMVC-Objccn" */;
			compatibilityVersion = "Xcode 3.2";
			developmentRegion = English;
			hasScannedForEncodings = 0;
			knownRegions = (
				en,
				Base,
			);
			mainGroup = EC14BFAE1DD0527E00B8B513;
			productRefGroup = EC14BFB81DD0527E00B8B513 /* Products */;
			projectDirPath = "";
			projectRoot = "";
			targets = (
				EC14BFB61DD0527E00B8B513 /* MMVC-Objccn */,
			);
		};
/* End PBXProject section */

/* Begin PBXResourcesBuildPhase section */
		EC14BFB51DD0527E00B8B513 /* Resources */ = {
			isa = PBXResourcesBuildPhase;
			buildActionMask = 2147483647;
			files = (
				EC14BFCA1DD0527E00B8B513 /* LaunchScreen.storyboard in Resources */,
				EC14BFC71DD0527E00B8B513 /* Assets.xcassets in Resources */,
				EC14BFC51DD0527E00B8B513 /* Main.storyboard in Resources */,
			);
			runOnlyForDeploymentPostprocessing = 0;
		};
/* End PBXResourcesBuildPhase section */

/* Begin PBXSourcesBuildPhase section */
		EC14BFB31DD0527E00B8B513 /* Sources */ = {
			isa = PBXSourcesBuildPhase;
			buildActionMask = 2147483647;
			files = (
				EC14BFC21DD0527E00B8B513 /* PersonViewController.m in Sources */,
				EC14BFBF1DD0527E00B8B513 /* AppDelegate.m in Sources */,
				EC14BFD31DD052CF00B8B513 /* Person.m in Sources */,
				EC14BFBC1DD0527E00B8B513 /* main.m in Sources */,
			);
			runOnlyForDeploymentPostprocessing = 0;
		};
/* End PBXSourcesBuildPhase section */

/* Begin PBXVariantGroup section */
		EC14BFC31DD0527E00B8B513 /* Main.storyboard */ = {
			isa = PBXVariantGroup;
			children = (
				EC14BFC41DD0527E00B8B513 /* Base */,
			);
			name = Main.storyboard;
			sourceTree = "<group>";
		};
		EC14BFC81DD0527E00B8B513 /* LaunchScreen.storyboard */ = {
			isa = PBXVariantGroup;
			children = (
				EC14BFC91DD0527E00B8B513 /* Base */,
			);
			name = LaunchScreen.storyboard;
			sourceTree = "<group>";
		};
/* End PBXVariantGroup section */

/* Begin XCBuildConfiguration section */
		EC14BFCC1DD0527E00B8B513 /* Debug */ = {
			isa = XCBuildConfiguration;
			buildSettings = {
				ALWAYS_SEARCH_USER_PATHS = NO;
				CLANG_ANALYZER_NONNULL = YES;
				CLANG_CXX_LANGUAGE_STANDARD = "gnu++0x";
				CLANG_CXX_LIBRARY = "libc++";
				CLANG_ENABLE_MODULES = YES;
				CLANG_ENABLE_OBJC_ARC = YES;
				CLANG_WARN_BOOL_CONVERSION = YES;
				CLANG_WARN_CONSTANT_CONVERSION = YES;
				CLANG_WARN_DIRECT_OBJC_ISA_USAGE = YES_ERROR;
				CLANG_WARN_DOCUMENTATION_COMMENTS = YES;
				CLANG_WARN_EMPTY_BODY = YES;
				CLANG_WARN_ENUM_CONVERSION = YES;
				CLANG_WARN_INFINITE_RECURSION = YES;
				CLANG_WARN_INT_CONVERSION = YES;
				CLANG_WARN_OBJC_ROOT_CLASS = YES_ERROR;
				CLANG_WARN_SUSPICIOUS_MOVES = YES;
				CLANG_WARN_UNREACHABLE_CODE = YES;
				CLANG_WARN__DUPLICATE_METHOD_MATCH = YES;
				"CODE_SIGN_IDENTITY[sdk=iphoneos*]" = "iPhone Developer";
				COPY_PHASE_STRIP = NO;
				DEBUG_INFORMATION_FORMAT = dwarf;
				ENABLE_STRICT_OBJC_MSGSEND = YES;
				ENABLE_TESTABILITY = YES;
				GCC_C_LANGUAGE_STANDARD = gnu99;
				GCC_DYNAMIC_NO_PIC = NO;
				GCC_NO_COMMON_BLOCKS = YES;
				GCC_OPTIMIZATION_LEVEL = 0;
				GCC_PREPROCESSOR_DEFINITIONS = (
					"DEBUG=1",
					"$(inherited)",
				);
				GCC_WARN_64_TO_32_BIT_CONVERSION = YES;
				GCC_WARN_ABOUT_RETURN_TYPE = YES_ERROR;
				GCC_WARN_UNDECLARED_SELECTOR = YES;
				GCC_WARN_UNINITIALIZED_AUTOS = YES_AGGRESSIVE;
				GCC_WARN_UNUSED_FUNCTION = YES;
				GCC_WARN_UNUSED_VARIABLE = YES;
				IPHONEOS_DEPLOYMENT_TARGET = 10.0;
				MTL_ENABLE_DEBUG_INFO = YES;
				ONLY_ACTIVE_ARCH = YES;
				SDKROOT = iphoneos;
			};
			name = Debug;
		};
		EC14BFCD1DD0527E00B8B513 /* Release */ = {
			isa = XCBuildConfiguration;
			buildSettings = {
				ALWAYS_SEARCH_USER_PATHS = NO;
				CLANG_ANALYZER_NONNULL = YES;
				CLANG_CXX_LANGUAGE_STANDARD = "gnu++0x";
				CLANG_CXX_LIBRARY = "libc++";
				CLANG_ENABLE_MODULES = YES;
				CLANG_ENABLE_OBJC_ARC = YES;
				CLANG_WARN_BOOL_CONVERSION = YES;
				CLANG_WARN_CONSTANT_CONVERSION = YES;
				CLANG_WARN_DIRECT_OBJC_ISA_USAGE = YES_ERROR;
				CLANG_WARN_DOCUMENTATION_COMMENTS = YES;
				CLANG_WARN_EMPTY_BODY = YES;
				CLANG_WARN_ENUM_CONVERSION = YES;
				CLANG_WARN_INFINITE_RECURSION = YES;
				CLANG_WARN_INT_CONVERSION = YES;
				CLANG_WARN_OBJC_ROOT_CLASS = YES_ERROR;
				CLANG_WARN_SUSPICIOUS_MOVES = YES;
				CLANG_WARN_UNREACHABLE_CODE = YES;
				CLANG_WARN__DUPLICATE_METHOD_MATCH = YES;
				"CODE_SIGN_IDENTITY[sdk=iphoneos*]" = "iPhone Developer";
				COPY_PHASE_STRIP = NO;
				DEBUG_INFORMATION_FORMAT = "dwarf-with-dsym";
				ENABLE_NS_ASSERTIONS = NO;
				ENABLE_STRICT_OBJC_MSGSEND = YES;
				GCC_C_LANGUAGE_STANDARD = gnu99;
				GCC_NO_COMMON_BLOCKS = YES;
				GCC_WARN_64_TO_32_BIT_CONVERSION = YES;
				GCC_WARN_ABOUT_RETURN_TYPE = YES_ERROR;
				GCC_WARN_UNDECLARED_SELECTOR = YES;
				GCC_WARN_UNINITIALIZED_AUTOS = YES_AGGRESSIVE;
				GCC_WARN_UNUSED_FUNCTION = YES;
				GCC_WARN_UNUSED_VARIABLE = YES;
				IPHONEOS_DEPLOYMENT_TARGET = 10.0;
				MTL_ENABLE_DEBUG_INFO = NO;
				SDKROOT = iphoneos;
				VALIDATE_PRODUCT = YES;
			};
			name = Release;
		};
		EC14BFCF1DD0527E00B8B513 /* Debug */ = {
			isa = XCBuildConfiguration;
			buildSettings = {
				ASSETCATALOG_COMPILER_APPICON_NAME = AppIcon;
				DEVELOPMENT_TEAM = 8Y89LE8P2N;
				INFOPLIST_FILE = "MMVC-Objccn/Info.plist";
				LD_RUNPATH_SEARCH_PATHS = "$(inherited) @executable_path/Frameworks";
				PRODUCT_BUNDLE_IDENTIFIER = "com.tangyuhua.com.MMVC-Objccn";
				PRODUCT_NAME = "$(TARGET_NAME)";
			};
			name = Debug;
		};
		EC14BFD01DD0527E00B8B513 /* Release */ = {
			isa = XCBuildConfiguration;
			buildSettings = {
				ASSETCATALOG_COMPILER_APPICON_NAME = AppIcon;
				DEVELOPMENT_TEAM = 8Y89LE8P2N;
				INFOPLIST_FILE = "MMVC-Objccn/Info.plist";
				LD_RUNPATH_SEARCH_PATHS = "$(inherited) @executable_path/Frameworks";
				PRODUCT_BUNDLE_IDENTIFIER = "com.tangyuhua.com.MMVC-Objccn";
				PRODUCT_NAME = "$(TARGET_NAME)";
			};
			name = Release;
		};
/* End XCBuildConfiguration section */

/* Begin XCConfigurationList section */
		EC14BFB21DD0527E00B8B513 /* Build configuration list for PBXProject "MMVC-Objccn" */ = {
			isa = XCConfigurationList;
			buildConfigurations = (
				EC14BFCC1DD0527E00B8B513 /* Debug */,
				EC14BFCD1DD0527E00B8B513 /* Release */,
			);
			defaultConfigurationIsVisible = 0;
			defaultConfigurationName = Release;
		};
		EC14BFCE1DD0527E00B8B513 /* Build configuration list for PBXNativeTarget "MMVC-Objccn" */ = {
			isa = XCConfigurationList;
			buildConfigurations = (
				EC14BFCF1DD0527E00B8B513 /* Debug */,
				EC14BFD01DD0527E00B8B513 /* Release */,
			);
			defaultConfigurationIsVisible = 0;
		};
/* End XCConfigurationList section */
	};
	rootObject = EC14BFAF1DD0527E00B8B513 /* Project object */;
}
